
Microsoft Visual Studio Solution File, Format Version 12.00
Project("{FAE04EC0-301F-11D3-BF4B-00C04F79EFBC}") = "Scheduled", "Scheduled.csproj", "{788EAF48-5466-41D9-B574-6335A17C0643}"
EndProject
Global
	GlobalSection(SolutionConfigurationPlatforms) = preSolution
		Debug|Any CPU = Debug|Any CPU
		Release|Any CPU = Release|Any CPU
	EndGlobalSection
	GlobalSection(ProjectConfigurationPlatforms) = postSolution
		{788EAF48-5466-41D9-B574-6335A17C0643}.Debug|Any CPU.ActiveCfg = Debug|Any CPU
		{788EAF48-5466-41D9-B574-6335A17C0643}.Debug|Any CPU.Build.0 = Debug|Any CPU
		{788EAF48-5466-41D9-B574-6335A17C0643}.Release|Any CPU.ActiveCfg = Release|Any CPU
		{788EAF48-5466-41D9-B574-6335A17C0643}.Release|Any CPU.Build.0 = Release|Any CPU
	EndGlobalSection
EndGlobal
